
Microsoft Visual Studio Solution File, Format Version 12.00
# Visual Studio 15
Project("{FAE04EC0-301F-11D3-BF4B-00C04F79EFBC}") = "UnityEngine.UI", "UnityEngine.UI.csproj", "{6BA3A9FF-5185-E644-4030-4435160AA6CF}"
EndProject
Project("{FAE04EC0-301F-11D3-BF4B-00C04F79EFBC}") = "UnityEngine.TestRunner", "UnityEngine.TestRunner.csproj", "{F6D3DEB8-4580-A7F0-158A-89858205B3A2}"
EndProject
Project("{FAE04EC0-301F-11D3-BF4B-00C04F79EFBC}") = "Unity.Mathematics", "Unity.Mathematics.csproj", "{CC6A23D6-D635-AEEB-4A59-25E080D50F1C}"
EndProject
Project("{FAE04EC0-301F-11D3-BF4B-00C04F79EFBC}") = "Unity.InputSystem", "Unity.InputSystem.csproj", "{C5CA1D8F-E271-82EF-E770-E9B1CA97F3DA}"
EndProject
Project("{FAE04EC0-301F-11D3-BF4B-00C04F79EFBC}") = "Unity.2D.Animation.Triangle.Runtime", "Unity.2D.Animation.Triangle.Runtime.csproj", "{B1674FC8-7D29-B205-B114-0B20B4988642}"
EndProject
Project("{FAE04EC0-301F-11D3-BF4B-00C04F79EFBC}") = "Unity.Timeline", "Unity.Timeline.csproj", "{F488A0CE-655A-9B07-0E64-930ECDB93DD8}"
EndProject
Project("{FAE04EC0-301F-11D3-BF4B-00C04F79EFBC}") = "Assembly-CSharp", "Assembly-CSharp.csproj", "{71DE9FA6-3D0A-35B1-8BE2-E55B4353B44E}"
EndProject
Project("{FAE04EC0-301F-11D3-BF4B-00C04F79EFBC}") = "Unity.TextMeshPro", "Unity.TextMeshPro.csproj", "{57CB77A5-2867-EFF2-4E93-CDF8BE2BF7C0}"
EndProject
Project("{FAE04EC0-301F-11D3-BF4B-00C04F79EFBC}") = "Unity.2D.Animation.Runtime", "Unity.2D.Animation.Runtime.csproj", "{945C9850-9FC1-9340-CE56-38DB83E1C5D4}"
EndProject
Project("{FAE04EC0-301F-11D3-BF4B-00C04F79EFBC}") = "Unity.2D.IK.Runtime", "Unity.2D.IK.Runtime.csproj", "{A38F135B-0C1D-55B2-A49B-F5D8699E70CD}"
EndProject
Project("{FAE04EC0-301F-11D3-BF4B-00C04F79EFBC}") = "Unity.2D.SpriteShape.Runtime", "Unity.2D.SpriteShape.Runtime.csproj", "{A1EF0A6D-9B8C-DCE7-C163-AC507E951D58}"
EndProject
Project("{FAE04EC0-301F-11D3-BF4B-00C04F79EFBC}") = "Unity.2D.PixelPerfect", "Unity.2D.PixelPerfect.csproj", "{355A8D39-9409-19B0-F091-7983D656CDFD}"
EndProject
Project("{FAE04EC0-301F-11D3-BF4B-00C04F79EFBC}") = "Unity.2D.Common.Runtime", "Unity.2D.Common.Runtime.csproj", "{08C701DD-CF8D-A330-880C-2B01F5DDAD1A}"
EndProject
Project("{FAE04EC0-301F-11D3-BF4B-00C04F79EFBC}") = "Unity.InternalAPIEngineBridge.001", "Unity.InternalAPIEngineBridge.001.csproj", "{AC16A35E-46ED-E6F6-B065-F3F2E317E8A4}"
EndProject
Project("{FAE04EC0-301F-11D3-BF4B-00C04F79EFBC}") = "Unity.Timeline.Editor", "Unity.Timeline.Editor.csproj", "{72C6755F-6FCD-9E5B-F607-DA48CB9DFBD5}"
EndProject
Project("{FAE04EC0-301F-11D3-BF4B-00C04F79EFBC}") = "Unity.TextMeshPro.Editor", "Unity.TextMeshPro.Editor.csproj", "{A08A0642-5629-932B-74A8-47EA634391BB}"
EndProject
Project("{FAE04EC0-301F-11D3-BF4B-00C04F79EFBC}") = "Unity.2D.Animation.Editor", "Unity.2D.Animation.Editor.csproj", "{AF4BC811-332C-04F0-1D42-E6775E09E43D}"
EndProject
Project("{FAE04EC0-301F-11D3-BF4B-00C04F79EFBC}") = "UnityEditor.TestRunner", "UnityEditor.TestRunner.csproj", "{B9D538E6-B8AA-921F-82B7-3541C07016FC}"
EndProject
Project("{FAE04EC0-301F-11D3-BF4B-00C04F79EFBC}") = "Unity.PlasticSCM.Editor", "Unity.PlasticSCM.Editor.csproj", "{B7B84843-98E3-5495-50C7-87FB12625CBB}"
EndProject
Project("{FAE04EC0-301F-11D3-BF4B-00C04F79EFBC}") = "UnityEditor.UI", "UnityEditor.UI.csproj", "{1E7832BB-83D0-FEC0-5B65-3CEE0EA10F27}"
EndProject
Project("{FAE04EC0-301F-11D3-BF4B-00C04F79EFBC}") = "Unity.VisualStudio.Editor", "Unity.VisualStudio.Editor.csproj", "{D3CA0656-117F-D6A7-A612-773FD004FB24}"
EndProject
Project("{FAE04EC0-301F-11D3-BF4B-00C04F79EFBC}") = "Unity.2D.Psdimporter.Editor", "Unity.2D.Psdimporter.Editor.csproj", "{43A7B2AA-D227-0644-1DA4-9F9D2CCC4C0E}"
EndProject
Project("{FAE04EC0-301F-11D3-BF4B-00C04F79EFBC}") = "Unity.2D.SpriteShape.Editor", "Unity.2D.SpriteShape.Editor.csproj", "{32958FAE-EB6F-CEF8-5663-BBA924355A37}"
EndProject
Project("{FAE04EC0-301F-11D3-BF4B-00C04F79EFBC}") = "PsdPlugin", "PsdPlugin.csproj", "{982BFFE6-BA0D-8452-8FD9-414191E21245}"
EndProject
Project("{FAE04EC0-301F-11D3-BF4B-00C04F79EFBC}") = "Unity.2D.Path.Editor", "Unity.2D.Path.Editor.csproj", "{ABE2FEA9-4CDB-B646-5F67-C24A28EEF8F2}"
EndProject
Project("{FAE04EC0-301F-11D3-BF4B-00C04F79EFBC}") = "Unity.Rider.Editor", "Unity.Rider.Editor.csproj", "{2DDA2AD5-2D2E-9E65-334D-F2922E03F597}"
EndProject
Project("{FAE04EC0-301F-11D3-BF4B-00C04F79EFBC}") = "Unity.2D.IK.Editor", "Unity.2D.IK.Editor.csproj", "{F9ECE62E-0AF6-98EF-09B5-7A53BDE23345}"
EndProject
Project("{FAE04EC0-301F-11D3-BF4B-00C04F79EFBC}") = "Unity.2D.Sprite.Editor", "Unity.2D.Sprite.Editor.csproj", "{B993AE34-281F-C4CF-A04C-BB6AAC52541B}"
EndProject
Project("{FAE04EC0-301F-11D3-BF4B-00C04F79EFBC}") = "Unity.2D.Tilemap.Editor", "Unity.2D.Tilemap.Editor.csproj", "{0C9B4AFE-0811-9B83-B122-73DF507F01CE}"
EndProject
Project("{FAE04EC0-301F-11D3-BF4B-00C04F79EFBC}") = "Unity.2D.PixelPerfect.Editor", "Unity.2D.PixelPerfect.Editor.csproj", "{01699AFB-D842-1AB1-B591-3971C72CAD10}"
EndProject
Project("{FAE04EC0-301F-11D3-BF4B-00C04F79EFBC}") = "Unity.VSCode.Editor", "Unity.VSCode.Editor.csproj", "{CE803B38-B055-3AE9-936C-E75A7D878142}"
EndProject
Project("{FAE04EC0-301F-11D3-BF4B-00C04F79EFBC}") = "Unity.2D.Common.Editor", "Unity.2D.Common.Editor.csproj", "{DEDF9A4B-7CCF-52BE-860F-6B7F98C0B5BD}"
EndProject
Project("{FAE04EC0-301F-11D3-BF4B-00C04F79EFBC}") = "Unity.Mathematics.Editor", "Unity.Mathematics.Editor.csproj", "{12BB5D3F-CEC2-73DC-6D24-AEE882505526}"
EndProject
Project("{FAE04EC0-301F-11D3-BF4B-00C04F79EFBC}") = "Unity.InternalAPIEditorBridge.001", "Unity.InternalAPIEditorBridge.001.csproj", "{BAB81E9A-AF9D-4D07-AFB4-DCBD136FA5A0}"
EndProject
Project("{FAE04EC0-301F-11D3-BF4B-00C04F79EFBC}") = "Assembly-CSharp-Editor", "Assembly-CSharp-Editor.csproj", "{53189BEF-43A9-772F-8E56-50227C6479E2}"
EndProject
Project("{FAE04EC0-301F-11D3-BF4B-00C04F79EFBC}") = "UnityEngine.UI", "UnityEngine.UI.Player.csproj", "{47B198E4-4150-9643-CED2-7654322B39EB}"
EndProject
Project("{FAE04EC0-301F-11D3-BF4B-00C04F79EFBC}") = "UnityEngine.TestRunner", "UnityEngine.TestRunner.Player.csproj", "{B4763067-1E02-7401-8C64-16B0F379499E}"
EndProject
Project("{FAE04EC0-301F-11D3-BF4B-00C04F79EFBC}") = "Unity.Mathematics", "Unity.Mathematics.Player.csproj", "{E29CC9B7-7FDD-2E14-E015-2B870A6DF1A2}"
EndProject
Project("{FAE04EC0-301F-11D3-BF4B-00C04F79EFBC}") = "Unity.InputSystem", "Unity.InputSystem.Player.csproj", "{E495B63B-4C02-D70A-6386-CFE437F10919}"
EndProject
Project("{FAE04EC0-301F-11D3-BF4B-00C04F79EFBC}") = "Unity.2D.Animation.Triangle.Runtime", "Unity.2D.Animation.Triangle.Runtime.Player.csproj", "{2703470C-3414-B290-F2C8-DD10756EF070}"
EndProject
Project("{FAE04EC0-301F-11D3-BF4B-00C04F79EFBC}") = "Unity.Timeline", "Unity.Timeline.Player.csproj", "{8889529C-9D7E-6ADC-0BB9-05BD27F188A6}"
EndProject
Project("{FAE04EC0-301F-11D3-BF4B-00C04F79EFBC}") = "Assembly-CSharp", "Assembly-CSharp.Player.csproj", "{C983D03E-5F39-1227-AB9E-4F974B39526B}"
EndProject
Project("{FAE04EC0-301F-11D3-BF4B-00C04F79EFBC}") = "Unity.TextMeshPro", "Unity.TextMeshPro.Player.csproj", "{D40B1691-A744-1EC7-0F6E-31D3514042F5}"
EndProject
Project("{FAE04EC0-301F-11D3-BF4B-00C04F79EFBC}") = "Unity.2D.Animation.Runtime", "Unity.2D.Animation.Runtime.Player.csproj", "{377AE8D6-DBF4-CB9E-EBE1-D8148DD7F6E8}"
EndProject
Project("{FAE04EC0-301F-11D3-BF4B-00C04F79EFBC}") = "Unity.2D.IK.Runtime", "Unity.2D.IK.Runtime.Player.csproj", "{2448CC26-1AEC-AE02-AE9F-29EBF6A2BF53}"
EndProject
Project("{FAE04EC0-301F-11D3-BF4B-00C04F79EFBC}") = "Unity.2D.SpriteShape.Runtime", "Unity.2D.SpriteShape.Runtime.Player.csproj", "{7E7BBC9C-2A80-1CB6-8EA5-D532E45EBF63}"
EndProject
Project("{FAE04EC0-301F-11D3-BF4B-00C04F79EFBC}") = "Unity.2D.PixelPerfect", "Unity.2D.PixelPerfect.Player.csproj", "{B11AED87-9B28-15A4-FEC9-4CE5AC7C57FD}"
EndProject
Project("{FAE04EC0-301F-11D3-BF4B-00C04F79EFBC}") = "Unity.2D.Common.Runtime", "Unity.2D.Common.Runtime.Player.csproj", "{F6E0D607-0467-D1CD-9045-8F42987D7A3B}"
EndProject
Project("{FAE04EC0-301F-11D3-BF4B-00C04F79EFBC}") = "Unity.InternalAPIEngineBridge.001", "Unity.InternalAPIEngineBridge.001.Player.csproj", "{685F2BCC-8184-8D6B-1C8F-B040D8205203}"
EndProject
Global
	GlobalSection(SolutionConfigurationPlatforms) = preSolution
		Debug|Any CPU = Debug|Any CPU
		Release|Any CPU = Release|Any CPU
	EndGlobalSection
	GlobalSection(ProjectConfigurationPlatforms) = postSolution
		{6BA3A9FF-5185-E644-4030-4435160AA6CF}.Debug|Any CPU.ActiveCfg = Debug|Any CPU
		{6BA3A9FF-5185-E644-4030-4435160AA6CF}.Debug|Any CPU.Build.0 = Debug|Any CPU
		{6BA3A9FF-5185-E644-4030-4435160AA6CF}.Release|Any CPU.ActiveCfg = Release|Any CPU
		{6BA3A9FF-5185-E644-4030-4435160AA6CF}.Release|Any CPU.Build.0 = Release|Any CPU
		{F6D3DEB8-4580-A7F0-158A-89858205B3A2}.Debug|Any CPU.ActiveCfg = Debug|Any CPU
		{F6D3DEB8-4580-A7F0-158A-89858205B3A2}.Debug|Any CPU.Build.0 = Debug|Any CPU
		{F6D3DEB8-4580-A7F0-158A-89858205B3A2}.Release|Any CPU.ActiveCfg = Release|Any CPU
		{F6D3DEB8-4580-A7F0-158A-89858205B3A2}.Release|Any CPU.Build.0 = Release|Any CPU
		{CC6A23D6-D635-AEEB-4A59-25E080D50F1C}.Debug|Any CPU.ActiveCfg = Debug|Any CPU
		{CC6A23D6-D635-AEEB-4A59-25E080D50F1C}.Debug|Any CPU.Build.0 = Debug|Any CPU
		{CC6A23D6-D635-AEEB-4A59-25E080D50F1C}.Release|Any CPU.ActiveCfg = Release|Any CPU
		{CC6A23D6-D635-AEEB-4A59-25E080D50F1C}.Release|Any CPU.Build.0 = Release|Any CPU
		{C5CA1D8F-E271-82EF-E770-E9B1CA97F3DA}.Debug|Any CPU.ActiveCfg = Debug|Any CPU
		{C5CA1D8F-E271-82EF-E770-E9B1CA97F3DA}.Debug|Any CPU.Build.0 = Debug|Any CPU
		{C5CA1D8F-E271-82EF-E770-E9B1CA97F3DA}.Release|Any CPU.ActiveCfg = Release|Any CPU
		{C5CA1D8F-E271-82EF-E770-E9B1CA97F3DA}.Release|Any CPU.Build.0 = Release|Any CPU
		{B1674FC8-7D29-B205-B114-0B20B4988642}.Debug|Any CPU.ActiveCfg = Debug|Any CPU
		{B1674FC8-7D29-B205-B114-0B20B4988642}.Debug|Any CPU.Build.0 = Debug|Any CPU
		{B1674FC8-7D29-B205-B114-0B20B4988642}.Release|Any CPU.ActiveCfg = Release|Any CPU
		{B1674FC8-7D29-B205-B114-0B20B4988642}.Release|Any CPU.Build.0 = Release|Any CPU
		{F488A0CE-655A-9B07-0E64-930ECDB93DD8}.Debug|Any CPU.ActiveCfg = Debug|Any CPU
		{F488A0CE-655A-9B07-0E64-930ECDB93DD8}.Debug|Any CPU.Build.0 = Debug|Any CPU
		{F488A0CE-655A-9B07-0E64-930ECDB93DD8}.Release|Any CPU.ActiveCfg = Release|Any CPU
		{F488A0CE-655A-9B07-0E64-930ECDB93DD8}.Release|Any CPU.Build.0 = Release|Any CPU
		{71DE9FA6-3D0A-35B1-8BE2-E55B4353B44E}.Debug|Any CPU.ActiveCfg = Debug|Any CPU
		{71DE9FA6-3D0A-35B1-8BE2-E55B4353B44E}.Debug|Any CPU.Build.0 = Debug|Any CPU
		{71DE9FA6-3D0A-35B1-8BE2-E55B4353B44E}.Release|Any CPU.ActiveCfg = Release|Any CPU
		{71DE9FA6-3D0A-35B1-8BE2-E55B4353B44E}.Release|Any CPU.Build.0 = Release|Any CPU
		{57CB77A5-2867-EFF2-4E93-CDF8BE2BF7C0}.Debug|Any CPU.ActiveCfg = Debug|Any CPU
		{57CB77A5-2867-EFF2-4E93-CDF8BE2BF7C0}.Debug|Any CPU.Build.0 = Debug|Any CPU
		{57CB77A5-2867-EFF2-4E93-CDF8BE2BF7C0}.Release|Any CPU.ActiveCfg = Release|Any CPU
		{57CB77A5-2867-EFF2-4E93-CDF8BE2BF7C0}.Release|Any CPU.Build.0 = Release|Any CPU
		{945C9850-9FC1-9340-CE56-38DB83E1C5D4}.Debug|Any CPU.ActiveCfg = Debug|Any CPU
		{945C9850-9FC1-9340-CE56-38DB83E1C5D4}.Debug|Any CPU.Build.0 = Debug|Any CPU
		{945C9850-9FC1-9340-CE56-38DB83E1C5D4}.Release|Any CPU.ActiveCfg = Release|Any CPU
		{945C9850-9FC1-9340-CE56-38DB83E1C5D4}.Release|Any CPU.Build.0 = Release|Any CPU
		{A38F135B-0C1D-55B2-A49B-F5D8699E70CD}.Debug|Any CPU.ActiveCfg = Debug|Any CPU
		{A38F135B-0C1D-55B2-A49B-F5D8699E70CD}.Debug|Any CPU.Build.0 = Debug|Any CPU
		{A38F135B-0C1D-55B2-A49B-F5D8699E70CD}.Release|Any CPU.ActiveCfg = Release|Any CPU
		{A38F135B-0C1D-55B2-A49B-F5D8699E70CD}.Release|Any CPU.Build.0 = Release|Any CPU
		{A1EF0A6D-9B8C-DCE7-C163-AC507E951D58}.Debug|Any CPU.ActiveCfg = Debug|Any CPU
		{A1EF0A6D-9B8C-DCE7-C163-AC507E951D58}.Debug|Any CPU.Build.0 = Debug|Any CPU
		{A1EF0A6D-9B8C-DCE7-C163-AC507E951D58}.Release|Any CPU.ActiveCfg = Release|Any CPU
		{A1EF0A6D-9B8C-DCE7-C163-AC507E951D58}.Release|Any CPU.Build.0 = Release|Any CPU
		{355A8D39-9409-19B0-F091-7983D656CDFD}.Debug|Any CPU.ActiveCfg = Debug|Any CPU
		{355A8D39-9409-19B0-F091-7983D656CDFD}.Debug|Any CPU.Build.0 = Debug|Any CPU
		{355A8D39-9409-19B0-F091-7983D656CDFD}.Release|Any CPU.ActiveCfg = Release|Any CPU
		{355A8D39-9409-19B0-F091-7983D656CDFD}.Release|Any CPU.Build.0 = Release|Any CPU
		{08C701DD-CF8D-A330-880C-2B01F5DDAD1A}.Debug|Any CPU.ActiveCfg = Debug|Any CPU
		{08C701DD-CF8D-A330-880C-2B01F5DDAD1A}.Debug|Any CPU.Build.0 = Debug|Any CPU
		{08C701DD-CF8D-A330-880C-2B01F5DDAD1A}.Release|Any CPU.ActiveCfg = Release|Any CPU
		{08C701DD-CF8D-A330-880C-2B01F5DDAD1A}.Release|Any CPU.Build.0 = Release|Any CPU
		{AC16A35E-46ED-E6F6-B065-F3F2E317E8A4}.Debug|Any CPU.ActiveCfg = Debug|Any CPU
		{AC16A35E-46ED-E6F6-B065-F3F2E317E8A4}.Debug|Any CPU.Build.0 = Debug|Any CPU
		{AC16A35E-46ED-E6F6-B065-F3F2E317E8A4}.Release|Any CPU.ActiveCfg = Release|Any CPU
		{AC16A35E-46ED-E6F6-B065-F3F2E317E8A4}.Release|Any CPU.Build.0 = Release|Any CPU
		{72C6755F-6FCD-9E5B-F607-DA48CB9DFBD5}.Debug|Any CPU.ActiveCfg = Debug|Any CPU
		{72C6755F-6FCD-9E5B-F607-DA48CB9DFBD5}.Debug|Any CPU.Build.0 = Debug|Any CPU
		{72C6755F-6FCD-9E5B-F607-DA48CB9DFBD5}.Release|Any CPU.ActiveCfg = Release|Any CPU
		{72C6755F-6FCD-9E5B-F607-DA48CB9DFBD5}.Release|Any CPU.Build.0 = Release|Any CPU
		{A08A0642-5629-932B-74A8-47EA634391BB}.Debug|Any CPU.ActiveCfg = Debug|Any CPU
		{A08A0642-5629-932B-74A8-47EA634391BB}.Debug|Any CPU.Build.0 = Debug|Any CPU
		{A08A0642-5629-932B-74A8-47EA634391BB}.Release|Any CPU.ActiveCfg = Release|Any CPU
		{A08A0642-5629-932B-74A8-47EA634391BB}.Release|Any CPU.Build.0 = Release|Any CPU
		{AF4BC811-332C-04F0-1D42-E6775E09E43D}.Debug|Any CPU.ActiveCfg = Debug|Any CPU
		{AF4BC811-332C-04F0-1D42-E6775E09E43D}.Debug|Any CPU.Build.0 = Debug|Any CPU
		{AF4BC811-332C-04F0-1D42-E6775E09E43D}.Release|Any CPU.ActiveCfg = Release|Any CPU
		{AF4BC811-332C-04F0-1D42-E6775E09E43D}.Release|Any CPU.Build.0 = Release|Any CPU
		{B9D538E6-B8AA-921F-82B7-3541C07016FC}.Debug|Any CPU.ActiveCfg = Debug|Any CPU
		{B9D538E6-B8AA-921F-82B7-3541C07016FC}.Debug|Any CPU.Build.0 = Debug|Any CPU
		{B9D538E6-B8AA-921F-82B7-3541C07016FC}.Release|Any CPU.ActiveCfg = Release|Any CPU
		{B9D538E6-B8AA-921F-82B7-3541C07016FC}.Release|Any CPU.Build.0 = Release|Any CPU
		{B7B84843-98E3-5495-50C7-87FB12625CBB}.Debug|Any CPU.ActiveCfg = Debug|Any CPU
		{B7B84843-98E3-5495-50C7-87FB12625CBB}.Debug|Any CPU.Build.0 = Debug|Any CPU
		{B7B84843-98E3-5495-50C7-87FB12625CBB}.Release|Any CPU.ActiveCfg = Release|Any CPU
		{B7B84843-98E3-5495-50C7-87FB12625CBB}.Release|Any CPU.Build.0 = Release|Any CPU
		{1E7832BB-83D0-FEC0-5B65-3CEE0EA10F27}.Debug|Any CPU.ActiveCfg = Debug|Any CPU
		{1E7832BB-83D0-FEC0-5B65-3CEE0EA10F27}.Debug|Any CPU.Build.0 = Debug|Any CPU
		{1E7832BB-83D0-FEC0-5B65-3CEE0EA10F27}.Release|Any CPU.ActiveCfg = Release|Any CPU
		{1E7832BB-83D0-FEC0-5B65-3CEE0EA10F27}.Release|Any CPU.Build.0 = Release|Any CPU
		{D3CA0656-117F-D6A7-A612-773FD004FB24}.Debug|Any CPU.ActiveCfg = Debug|Any CPU
		{D3CA0656-117F-D6A7-A612-773FD004FB24}.Debug|Any CPU.Build.0 = Debug|Any CPU
		{D3CA0656-117F-D6A7-A612-773FD004FB24}.Release|Any CPU.ActiveCfg = Release|Any CPU
		{D3CA0656-117F-D6A7-A612-773FD004FB24}.Release|Any CPU.Build.0 = Release|Any CPU
		{43A7B2AA-D227-0644-1DA4-9F9D2CCC4C0E}.Debug|Any CPU.ActiveCfg = Debug|Any CPU
		{43A7B2AA-D227-0644-1DA4-9F9D2CCC4C0E}.Debug|Any CPU.Build.0 = Debug|Any CPU
		{43A7B2AA-D227-0644-1DA4-9F9D2CCC4C0E}.Release|Any CPU.ActiveCfg = Release|Any CPU
		{43A7B2AA-D227-0644-1DA4-9F9D2CCC4C0E}.Release|Any CPU.Build.0 = Release|Any CPU
		{32958FAE-EB6F-CEF8-5663-BBA924355A37}.Debug|Any CPU.ActiveCfg = Debug|Any CPU
		{32958FAE-EB6F-CEF8-5663-BBA924355A37}.Debug|Any CPU.Build.0 = Debug|Any CPU
		{32958FAE-EB6F-CEF8-5663-BBA924355A37}.Release|Any CPU.ActiveCfg = Release|Any CPU
		{32958FAE-EB6F-CEF8-5663-BBA924355A37}.Release|Any CPU.Build.0 = Release|Any CPU
		{982BFFE6-BA0D-8452-8FD9-414191E21245}.Debug|Any CPU.ActiveCfg = Debug|Any CPU
		{982BFFE6-BA0D-8452-8FD9-414191E21245}.Debug|Any CPU.Build.0 = Debug|Any CPU
		{982BFFE6-BA0D-8452-8FD9-414191E21245}.Release|Any CPU.ActiveCfg = Release|Any CPU
		{982BFFE6-BA0D-8452-8FD9-414191E21245}.Release|Any CPU.Build.0 = Release|Any CPU
		{ABE2FEA9-4CDB-B646-5F67-C24A28EEF8F2}.Debug|Any CPU.ActiveCfg = Debug|Any CPU
		{ABE2FEA9-4CDB-B646-5F67-C24A28EEF8F2}.Debug|Any CPU.Build.0 = Debug|Any CPU
		{ABE2FEA9-4CDB-B646-5F67-C24A28EEF8F2}.Release|Any CPU.ActiveCfg = Release|Any CPU
		{ABE2FEA9-4CDB-B646-5F67-C24A28EEF8F2}.Release|Any CPU.Build.0 = Release|Any CPU
		{2DDA2AD5-2D2E-9E65-334D-F2922E03F597}.Debug|Any CPU.ActiveCfg = Debug|Any CPU
		{2DDA2AD5-2D2E-9E65-334D-F2922E03F597}.Debug|Any CPU.Build.0 = Debug|Any CPU
		{2DDA2AD5-2D2E-9E65-334D-F2922E03F597}.Release|Any CPU.ActiveCfg = Release|Any CPU
		{2DDA2AD5-2D2E-9E65-334D-F2922E03F597}.Release|Any CPU.Build.0 = Release|Any CPU
		{F9ECE62E-0AF6-98EF-09B5-7A53BDE23345}.Debug|Any CPU.ActiveCfg = Debug|Any CPU
		{F9ECE62E-0AF6-98EF-09B5-7A53BDE23345}.Debug|Any CPU.Build.0 = Debug|Any CPU
		{F9ECE62E-0AF6-98EF-09B5-7A53BDE23345}.Release|Any CPU.ActiveCfg = Release|Any CPU
		{F9ECE62E-0AF6-98EF-09B5-7A53BDE23345}.Release|Any CPU.Build.0 = Release|Any CPU
		{B993AE34-281F-C4CF-A04C-BB6AAC52541B}.Debug|Any CPU.ActiveCfg = Debug|Any CPU
		{B993AE34-281F-C4CF-A04C-BB6AAC52541B}.Debug|Any CPU.Build.0 = Debug|Any CPU
		{B993AE34-281F-C4CF-A04C-BB6AAC52541B}.Release|Any CPU.ActiveCfg = Release|Any CPU
		{B993AE34-281F-C4CF-A04C-BB6AAC52541B}.Release|Any CPU.Build.0 = Release|Any CPU
		{0C9B4AFE-0811-9B83-B122-73DF507F01CE}.Debug|Any CPU.ActiveCfg = Debug|Any CPU
		{0C9B4AFE-0811-9B83-B122-73DF507F01CE}.Debug|Any CPU.Build.0 = Debug|Any CPU
		{0C9B4AFE-0811-9B83-B122-73DF507F01CE}.Release|Any CPU.ActiveCfg = Release|Any CPU
		{0C9B4AFE-0811-9B83-B122-73DF507F01CE}.Release|Any CPU.Build.0 = Release|Any CPU
		{01699AFB-D842-1AB1-B591-3971C72CAD10}.Debug|Any CPU.ActiveCfg = Debug|Any CPU
		{01699AFB-D842-1AB1-B591-3971C72CAD10}.Debug|Any CPU.Build.0 = Debug|Any CPU
		{01699AFB-D842-1AB1-B591-3971C72CAD10}.Release|Any CPU.ActiveCfg = Release|Any CPU
		{01699AFB-D842-1AB1-B591-3971C72CAD10}.Release|Any CPU.Build.0 = Release|Any CPU
		{CE803B38-B055-3AE9-936C-E75A7D878142}.Debug|Any CPU.ActiveCfg = Debug|Any CPU
		{CE803B38-B055-3AE9-936C-E75A7D878142}.Debug|Any CPU.Build.0 = Debug|Any CPU
		{CE803B38-B055-3AE9-936C-E75A7D878142}.Release|Any CPU.ActiveCfg = Release|Any CPU
		{CE803B38-B055-3AE9-936C-E75A7D878142}.Release|Any CPU.Build.0 = Release|Any CPU
		{DEDF9A4B-7CCF-52BE-860F-6B7F98C0B5BD}.Debug|Any CPU.ActiveCfg = Debug|Any CPU
		{DEDF9A4B-7CCF-52BE-860F-6B7F98C0B5BD}.Debug|Any CPU.Build.0 = Debug|Any CPU
		{DEDF9A4B-7CCF-52BE-860F-6B7F98C0B5BD}.Release|Any CPU.ActiveCfg = Release|Any CPU
		{DEDF9A4B-7CCF-52BE-860F-6B7F98C0B5BD}.Release|Any CPU.Build.0 = Release|Any CPU
		{12BB5D3F-CEC2-73DC-6D24-AEE882505526}.Debug|Any CPU.ActiveCfg = Debug|Any CPU
		{12BB5D3F-CEC2-73DC-6D24-AEE882505526}.Debug|Any CPU.Build.0 = Debug|Any CPU
		{12BB5D3F-CEC2-73DC-6D24-AEE882505526}.Release|Any CPU.ActiveCfg = Release|Any CPU
		{12BB5D3F-CEC2-73DC-6D24-AEE882505526}.Release|Any CPU.Build.0 = Release|Any CPU
		{BAB81E9A-AF9D-4D07-AFB4-DCBD136FA5A0}.Debug|Any CPU.ActiveCfg = Debug|Any CPU
		{BAB81E9A-AF9D-4D07-AFB4-DCBD136FA5A0}.Debug|Any CPU.Build.0 = Debug|Any CPU
		{BAB81E9A-AF9D-4D07-AFB4-DCBD136FA5A0}.Release|Any CPU.ActiveCfg = Release|Any CPU
		{BAB81E9A-AF9D-4D07-AFB4-DCBD136FA5A0}.Release|Any CPU.Build.0 = Release|Any CPU
		{53189BEF-43A9-772F-8E56-50227C6479E2}.Debug|Any CPU.ActiveCfg = Debug|Any CPU
		{53189BEF-43A9-772F-8E56-50227C6479E2}.Debug|Any CPU.Build.0 = Debug|Any CPU
		{53189BEF-43A9-772F-8E56-50227C6479E2}.Release|Any CPU.ActiveCfg = Release|Any CPU
		{53189BEF-43A9-772F-8E56-50227C6479E2}.Release|Any CPU.Build.0 = Release|Any CPU
		{47B198E4-4150-9643-CED2-7654322B39EB}.Debug|Any CPU.ActiveCfg = Debug|Any CPU
		{47B198E4-4150-9643-CED2-7654322B39EB}.Debug|Any CPU.Build.0 = Debug|Any CPU
		{47B198E4-4150-9643-CED2-7654322B39EB}.Release|Any CPU.ActiveCfg = Release|Any CPU
		{47B198E4-4150-9643-CED2-7654322B39EB}.Release|Any CPU.Build.0 = Release|Any CPU
		{B4763067-1E02-7401-8C64-16B0F379499E}.Debug|Any CPU.ActiveCfg = Debug|Any CPU
		{B4763067-1E02-7401-8C64-16B0F379499E}.Debug|Any CPU.Build.0 = Debug|Any CPU
		{B4763067-1E02-7401-8C64-16B0F379499E}.Release|Any CPU.ActiveCfg = Release|Any CPU
		{B4763067-1E02-7401-8C64-16B0F379499E}.Release|Any CPU.Build.0 = Release|Any CPU
		{E29CC9B7-7FDD-2E14-E015-2B870A6DF1A2}.Debug|Any CPU.ActiveCfg = Debug|Any CPU
		{E29CC9B7-7FDD-2E14-E015-2B870A6DF1A2}.Debug|Any CPU.Build.0 = Debug|Any CPU
		{E29CC9B7-7FDD-2E14-E015-2B870A6DF1A2}.Release|Any CPU.ActiveCfg = Release|Any CPU
		{E29CC9B7-7FDD-2E14-E015-2B870A6DF1A2}.Release|Any CPU.Build.0 = Release|Any CPU
		{E495B63B-4C02-D70A-6386-CFE437F10919}.Debug|Any CPU.ActiveCfg = Debug|Any CPU
		{E495B63B-4C02-D70A-6386-CFE437F10919}.Debug|Any CPU.Build.0 = Debug|Any CPU
		{E495B63B-4C02-D70A-6386-CFE437F10919}.Release|Any CPU.ActiveCfg = Release|Any CPU
		{E495B63B-4C02-D70A-6386-CFE437F10919}.Release|Any CPU.Build.0 = Release|Any CPU
		{2703470C-3414-B290-F2C8-DD10756EF070}.Debug|Any CPU.ActiveCfg = Debug|Any CPU
		{2703470C-3414-B290-F2C8-DD10756EF070}.Debug|Any CPU.Build.0 = Debug|Any CPU
		{2703470C-3414-B290-F2C8-DD10756EF070}.Release|Any CPU.ActiveCfg = Release|Any CPU
		{2703470C-3414-B290-F2C8-DD10756EF070}.Release|Any CPU.Build.0 = Release|Any CPU
		{8889529C-9D7E-6ADC-0BB9-05BD27F188A6}.Debug|Any CPU.ActiveCfg = Debug|Any CPU
		{8889529C-9D7E-6ADC-0BB9-05BD27F188A6}.Debug|Any CPU.Build.0 = Debug|Any CPU
		{8889529C-9D7E-6ADC-0BB9-05BD27F188A6}.Release|Any CPU.ActiveCfg = Release|Any CPU
		{8889529C-9D7E-6ADC-0BB9-05BD27F188A6}.Release|Any CPU.Build.0 = Release|Any CPU
		{C983D03E-5F39-1227-AB9E-4F974B39526B}.Debug|Any CPU.ActiveCfg = Debug|Any CPU
		{C983D03E-5F39-1227-AB9E-4F974B39526B}.Debug|Any CPU.Build.0 = Debug|Any CPU
		{C983D03E-5F39-1227-AB9E-4F974B39526B}.Release|Any CPU.ActiveCfg = Release|Any CPU
		{C983D03E-5F39-1227-AB9E-4F974B39526B}.Release|Any CPU.Build.0 = Release|Any CPU
		{D40B1691-A744-1EC7-0F6E-31D3514042F5}.Debug|Any CPU.ActiveCfg = Debug|Any CPU
		{D40B1691-A744-1EC7-0F6E-31D3514042F5}.Debug|Any CPU.Build.0 = Debug|Any CPU
		{D40B1691-A744-1EC7-0F6E-31D3514042F5}.Release|Any CPU.ActiveCfg = Release|Any CPU
		{D40B1691-A744-1EC7-0F6E-31D3514042F5}.Release|Any CPU.Build.0 = Release|Any CPU
		{377AE8D6-DBF4-CB9E-EBE1-D8148DD7F6E8}.Debug|Any CPU.ActiveCfg = Debug|Any CPU
		{377AE8D6-DBF4-CB9E-EBE1-D8148DD7F6E8}.Debug|Any CPU.Build.0 = Debug|Any CPU
		{377AE8D6-DBF4-CB9E-EBE1-D8148DD7F6E8}.Release|Any CPU.ActiveCfg = Release|Any CPU
		{377AE8D6-DBF4-CB9E-EBE1-D8148DD7F6E8}.Release|Any CPU.Build.0 = Release|Any CPU
		{2448CC26-1AEC-AE02-AE9F-29EBF6A2BF53}.Debug|Any CPU.ActiveCfg = Debug|Any CPU
		{2448CC26-1AEC-AE02-AE9F-29EBF6A2BF53}.Debug|Any CPU.Build.0 = Debug|Any CPU
		{2448CC26-1AEC-AE02-AE9F-29EBF6A2BF53}.Release|Any CPU.ActiveCfg = Release|Any CPU
		{2448CC26-1AEC-AE02-AE9F-29EBF6A2BF53}.Release|Any CPU.Build.0 = Release|Any CPU
		{7E7BBC9C-2A80-1CB6-8EA5-D532E45EBF63}.Debug|Any CPU.ActiveCfg = Debug|Any CPU
		{7E7BBC9C-2A80-1CB6-8EA5-D532E45EBF63}.Debug|Any CPU.Build.0 = Debug|Any CPU
		{7E7BBC9C-2A80-1CB6-8EA5-D532E45EBF63}.Release|Any CPU.ActiveCfg = Release|Any CPU
		{7E7BBC9C-2A80-1CB6-8EA5-D532E45EBF63}.Release|Any CPU.Build.0 = Release|Any CPU
		{B11AED87-9B28-15A4-FEC9-4CE5AC7C57FD}.Debug|Any CPU.ActiveCfg = Debug|Any CPU
		{B11AED87-9B28-15A4-FEC9-4CE5AC7C57FD}.Debug|Any CPU.Build.0 = Debug|Any CPU
		{B11AED87-9B28-15A4-FEC9-4CE5AC7C57FD}.Release|Any CPU.ActiveCfg = Release|Any CPU
		{B11AED87-9B28-15A4-FEC9-4CE5AC7C57FD}.Release|Any CPU.Build.0 = Release|Any CPU
		{F6E0D607-0467-D1CD-9045-8F42987D7A3B}.Debug|Any CPU.ActiveCfg = Debug|Any CPU
		{F6E0D607-0467-D1CD-9045-8F42987D7A3B}.Debug|Any CPU.Build.0 = Debug|Any CPU
		{F6E0D607-0467-D1CD-9045-8F42987D7A3B}.Release|Any CPU.ActiveCfg = Release|Any CPU
		{F6E0D607-0467-D1CD-9045-8F42987D7A3B}.Release|Any CPU.Build.0 = Release|Any CPU
		{685F2BCC-8184-8D6B-1C8F-B040D8205203}.Debug|Any CPU.ActiveCfg = Debug|Any CPU
		{685F2BCC-8184-8D6B-1C8F-B040D8205203}.Debug|Any CPU.Build.0 = Debug|Any CPU
		{685F2BCC-8184-8D6B-1C8F-B040D8205203}.Release|Any CPU.ActiveCfg = Release|Any CPU
		{685F2BCC-8184-8D6B-1C8F-B040D8205203}.Release|Any CPU.Build.0 = Release|Any CPU
	EndGlobalSection
	GlobalSection(SolutionProperties) = preSolution
		HideSolutionNode = FALSE
	EndGlobalSection
EndGlobal
